
Microsoft Visual Studio Solution File, Format Version 12.00
# Visual Studio Version 17
VisualStudioVersion = 17.0.31919.166
MinimumVisualStudioVersion = 10.0.40219.1
Project("{9A19103F-16F7-4668-BE54-9A1E7A4F7556}") = "UITweaks", "UITweaks\UITweaks.csproj", "{4B5D5899-57C0-4FB5-891A-E83DD3071C69}"
EndProject
Global
	GlobalSection(SolutionConfigurationPlatforms) = preSolution
		Debug|Any CPU = Debug|Any CPU
		Heck-Debug|Any CPU = Heck-Debug|Any CPU
		Heck-Release|Any CPU = Heck-Release|Any CPU
		Release|Any CPU = Release|Any CPU
	EndGlobalSection
	GlobalSection(ProjectConfigurationPlatforms) = postSolution
		{4B5D5899-57C0-4FB5-891A-E83DD3071C69}.Debug|Any CPU.ActiveCfg = Debug|Any CPU
		{4B5D5899-57C0-4FB5-891A-E83DD3071C69}.Debug|Any CPU.Build.0 = Debug|Any CPU
		{4B5D5899-57C0-4FB5-891A-E83DD3071C69}.Heck-Debug|Any CPU.ActiveCfg = Heck-Debug|Any CPU
		{4B5D5899-57C0-4FB5-891A-E83DD3071C69}.Heck-Debug|Any CPU.Build.0 = Heck-Debug|Any CPU
		{4B5D5899-57C0-4FB5-891A-E83DD3071C69}.Heck-Release|Any CPU.ActiveCfg = Release|Any CPU
		{4B5D5899-57C0-4FB5-891A-E83DD3071C69}.Heck-Release|Any CPU.Build.0 = Release|Any CPU
		{4B5D5899-57C0-4FB5-891A-E83DD3071C69}.Release|Any CPU.ActiveCfg = Release|Any CPU
		{4B5D5899-57C0-4FB5-891A-E83DD3071C69}.Release|Any CPU.Build.0 = Release|Any CPU
	EndGlobalSection
	GlobalSection(SolutionProperties) = preSolution
		HideSolutionNode = FALSE
	EndGlobalSection
	GlobalSection(ExtensibilityGlobals) = postSolution
		SolutionGuid = {EC8C1BED-52E9-4AB2-B7EA-CCD6FADE45DB}
	EndGlobalSection
EndGlobal
